
Microsoft Visual Studio Solution File, Format Version 11.00
# Visual Studio 2010
Project("{FAE04EC0-301F-11D3-BF4B-00C04F79EFBC}") = "Pine.Radio", "Pine.Radio\Pine.Radio.csproj", "{47AEF59C-91EA-489F-8E6C-63160C57DFA2}"
EndProject
Project("{FAE04EC0-301F-11D3-BF4B-00C04F79EFBC}") = "Pine.Radio.Tests", "Pine.Radio.Tests\Pine.Radio.Tests.csproj", "{033AF90B-CA15-48DD-BEA2-6684661FB42D}"
EndProject
Project("{8BC9CEB8-8B4A-11D0-8D11-00A0C91BC942}") = "audio", "audio\audio.vcxproj", "{3174E965-7E8C-408D-8FCA-660AE10ECE7E}"
EndProject
Project("{FAE04EC0-301F-11D3-BF4B-00C04F79EFBC}") = "Pine.Audio", "Pine.Audio\Pine.Audio.csproj", "{2FF18728-D235-4515-B64D-AE1FA969EF77}"
	ProjectSection(ProjectDependencies) = postProject
		{3174E965-7E8C-408D-8FCA-660AE10ECE7E} = {3174E965-7E8C-408D-8FCA-660AE10ECE7E}
	EndProjectSection
EndProject
Project("{FAE04EC0-301F-11D3-BF4B-00C04F79EFBC}") = "Pine", "Pine\Pine.csproj", "{482C7BA7-B016-4501-BBA7-6F19EB522D86}"
	ProjectSection(ProjectDependencies) = postProject
		{3174E965-7E8C-408D-8FCA-660AE10ECE7E} = {3174E965-7E8C-408D-8FCA-660AE10ECE7E}
	EndProjectSection
EndProject
Project("{FAE04EC0-301F-11D3-BF4B-00C04F79EFBC}") = "Pine.Tests", "Pine.Tests\Pine.Tests.csproj", "{CEAEBBBA-BC75-4A33-B2EC-B7D6B0DE521E}"
EndProject
Global
	GlobalSection(SubversionScc) = preSolution
		Svn-Managed = True
		Manager = AnkhSVN - Subversion Support for Visual Studio
	EndGlobalSection
	GlobalSection(SolutionConfigurationPlatforms) = preSolution
		Debug|Any CPU = Debug|Any CPU
		Debug|Mixed Platforms = Debug|Mixed Platforms
		Debug|Win32 = Debug|Win32
		Debug|x86 = Debug|x86
		Release|Any CPU = Release|Any CPU
		Release|Mixed Platforms = Release|Mixed Platforms
		Release|Win32 = Release|Win32
		Release|x86 = Release|x86
	EndGlobalSection
	GlobalSection(ProjectConfigurationPlatforms) = postSolution
		{47AEF59C-91EA-489F-8E6C-63160C57DFA2}.Debug|Any CPU.ActiveCfg = Debug|Any CPU
		{47AEF59C-91EA-489F-8E6C-63160C57DFA2}.Debug|Any CPU.Build.0 = Debug|Any CPU
		{47AEF59C-91EA-489F-8E6C-63160C57DFA2}.Debug|Mixed Platforms.ActiveCfg = Debug|Any CPU
		{47AEF59C-91EA-489F-8E6C-63160C57DFA2}.Debug|Mixed Platforms.Build.0 = Debug|Any CPU
		{47AEF59C-91EA-489F-8E6C-63160C57DFA2}.Debug|Win32.ActiveCfg = Debug|Any CPU
		{47AEF59C-91EA-489F-8E6C-63160C57DFA2}.Debug|x86.ActiveCfg = Debug|Any CPU
		{47AEF59C-91EA-489F-8E6C-63160C57DFA2}.Release|Any CPU.ActiveCfg = Release|Any CPU
		{47AEF59C-91EA-489F-8E6C-63160C57DFA2}.Release|Any CPU.Build.0 = Release|Any CPU
		{47AEF59C-91EA-489F-8E6C-63160C57DFA2}.Release|Mixed Platforms.ActiveCfg = Release|Any CPU
		{47AEF59C-91EA-489F-8E6C-63160C57DFA2}.Release|Mixed Platforms.Build.0 = Release|Any CPU
		{47AEF59C-91EA-489F-8E6C-63160C57DFA2}.Release|Win32.ActiveCfg = Release|Any CPU
		{47AEF59C-91EA-489F-8E6C-63160C57DFA2}.Release|x86.ActiveCfg = Release|Any CPU
		{033AF90B-CA15-48DD-BEA2-6684661FB42D}.Debug|Any CPU.ActiveCfg = Debug|Any CPU
		{033AF90B-CA15-48DD-BEA2-6684661FB42D}.Debug|Any CPU.Build.0 = Debug|Any CPU
		{033AF90B-CA15-48DD-BEA2-6684661FB42D}.Debug|Mixed Platforms.ActiveCfg = Debug|Any CPU
		{033AF90B-CA15-48DD-BEA2-6684661FB42D}.Debug|Mixed Platforms.Build.0 = Debug|Any CPU
		{033AF90B-CA15-48DD-BEA2-6684661FB42D}.Debug|Win32.ActiveCfg = Debug|Any CPU
		{033AF90B-CA15-48DD-BEA2-6684661FB42D}.Debug|x86.ActiveCfg = Debug|Any CPU
		{033AF90B-CA15-48DD-BEA2-6684661FB42D}.Release|Any CPU.ActiveCfg = Release|Any CPU
		{033AF90B-CA15-48DD-BEA2-6684661FB42D}.Release|Any CPU.Build.0 = Release|Any CPU
		{033AF90B-CA15-48DD-BEA2-6684661FB42D}.Release|Mixed Platforms.ActiveCfg = Release|Any CPU
		{033AF90B-CA15-48DD-BEA2-6684661FB42D}.Release|Mixed Platforms.Build.0 = Release|Any CPU
		{033AF90B-CA15-48DD-BEA2-6684661FB42D}.Release|Win32.ActiveCfg = Release|Any CPU
		{033AF90B-CA15-48DD-BEA2-6684661FB42D}.Release|x86.ActiveCfg = Release|Any CPU
		{3174E965-7E8C-408D-8FCA-660AE10ECE7E}.Debug|Any CPU.ActiveCfg = Debug|Win32
		{3174E965-7E8C-408D-8FCA-660AE10ECE7E}.Debug|Mixed Platforms.ActiveCfg = Debug|Win32
		{3174E965-7E8C-408D-8FCA-660AE10ECE7E}.Debug|Mixed Platforms.Build.0 = Debug|Win32
		{3174E965-7E8C-408D-8FCA-660AE10ECE7E}.Debug|Win32.ActiveCfg = Debug|Win32
		{3174E965-7E8C-408D-8FCA-660AE10ECE7E}.Debug|Win32.Build.0 = Debug|Win32
		{3174E965-7E8C-408D-8FCA-660AE10ECE7E}.Debug|x86.ActiveCfg = Debug|Win32
		{3174E965-7E8C-408D-8FCA-660AE10ECE7E}.Release|Any CPU.ActiveCfg = Release|Win32
		{3174E965-7E8C-408D-8FCA-660AE10ECE7E}.Release|Mixed Platforms.ActiveCfg = Release|Win32
		{3174E965-7E8C-408D-8FCA-660AE10ECE7E}.Release|Mixed Platforms.Build.0 = Release|Win32
		{3174E965-7E8C-408D-8FCA-660AE10ECE7E}.Release|Win32.ActiveCfg = Release|Win32
		{3174E965-7E8C-408D-8FCA-660AE10ECE7E}.Release|Win32.Build.0 = Release|Win32
		{3174E965-7E8C-408D-8FCA-660AE10ECE7E}.Release|x86.ActiveCfg = Release|Win32
		{2FF18728-D235-4515-B64D-AE1FA969EF77}.Debug|Any CPU.ActiveCfg = Debug|Any CPU
		{2FF18728-D235-4515-B64D-AE1FA969EF77}.Debug|Any CPU.Build.0 = Debug|Any CPU
		{2FF18728-D235-4515-B64D-AE1FA969EF77}.Debug|Mixed Platforms.ActiveCfg = Debug|Any CPU
		{2FF18728-D235-4515-B64D-AE1FA969EF77}.Debug|Mixed Platforms.Build.0 = Debug|Any CPU
		{2FF18728-D235-4515-B64D-AE1FA969EF77}.Debug|Win32.ActiveCfg = Debug|Any CPU
		{2FF18728-D235-4515-B64D-AE1FA969EF77}.Debug|x86.ActiveCfg = Debug|Any CPU
		{2FF18728-D235-4515-B64D-AE1FA969EF77}.Release|Any CPU.ActiveCfg = Release|Any CPU
		{2FF18728-D235-4515-B64D-AE1FA969EF77}.Release|Any CPU.Build.0 = Release|Any CPU
		{2FF18728-D235-4515-B64D-AE1FA969EF77}.Release|Mixed Platforms.ActiveCfg = Release|Any CPU
		{2FF18728-D235-4515-B64D-AE1FA969EF77}.Release|Mixed Platforms.Build.0 = Release|Any CPU
		{2FF18728-D235-4515-B64D-AE1FA969EF77}.Release|Win32.ActiveCfg = Release|Any CPU
		{2FF18728-D235-4515-B64D-AE1FA969EF77}.Release|x86.ActiveCfg = Release|Any CPU
		{482C7BA7-B016-4501-BBA7-6F19EB522D86}.Debug|Any CPU.ActiveCfg = Debug|x86
		{482C7BA7-B016-4501-BBA7-6F19EB522D86}.Debug|Mixed Platforms.ActiveCfg = Debug|x86
		{482C7BA7-B016-4501-BBA7-6F19EB522D86}.Debug|Mixed Platforms.Build.0 = Debug|x86
		{482C7BA7-B016-4501-BBA7-6F19EB522D86}.Debug|Win32.ActiveCfg = Debug|x86
		{482C7BA7-B016-4501-BBA7-6F19EB522D86}.Debug|x86.ActiveCfg = Debug|x86
		{482C7BA7-B016-4501-BBA7-6F19EB522D86}.Debug|x86.Build.0 = Debug|x86
		{482C7BA7-B016-4501-BBA7-6F19EB522D86}.Release|Any CPU.ActiveCfg = Release|x86
		{482C7BA7-B016-4501-BBA7-6F19EB522D86}.Release|Mixed Platforms.ActiveCfg = Release|x86
		{482C7BA7-B016-4501-BBA7-6F19EB522D86}.Release|Mixed Platforms.Build.0 = Release|x86
		{482C7BA7-B016-4501-BBA7-6F19EB522D86}.Release|Win32.ActiveCfg = Release|x86
		{482C7BA7-B016-4501-BBA7-6F19EB522D86}.Release|x86.ActiveCfg = Release|x86
		{482C7BA7-B016-4501-BBA7-6F19EB522D86}.Release|x86.Build.0 = Release|x86
		{CEAEBBBA-BC75-4A33-B2EC-B7D6B0DE521E}.Debug|Any CPU.ActiveCfg = Debug|Any CPU
		{CEAEBBBA-BC75-4A33-B2EC-B7D6B0DE521E}.Debug|Any CPU.Build.0 = Debug|Any CPU
		{CEAEBBBA-BC75-4A33-B2EC-B7D6B0DE521E}.Debug|Mixed Platforms.ActiveCfg = Debug|Any CPU
		{CEAEBBBA-BC75-4A33-B2EC-B7D6B0DE521E}.Debug|Mixed Platforms.Build.0 = Debug|Any CPU
		{CEAEBBBA-BC75-4A33-B2EC-B7D6B0DE521E}.Debug|Win32.ActiveCfg = Debug|Any CPU
		{CEAEBBBA-BC75-4A33-B2EC-B7D6B0DE521E}.Debug|x86.ActiveCfg = Debug|Any CPU
		{CEAEBBBA-BC75-4A33-B2EC-B7D6B0DE521E}.Release|Any CPU.ActiveCfg = Release|Any CPU
		{CEAEBBBA-BC75-4A33-B2EC-B7D6B0DE521E}.Release|Any CPU.Build.0 = Release|Any CPU
		{CEAEBBBA-BC75-4A33-B2EC-B7D6B0DE521E}.Release|Mixed Platforms.ActiveCfg = Release|Any CPU
		{CEAEBBBA-BC75-4A33-B2EC-B7D6B0DE521E}.Release|Mixed Platforms.Build.0 = Release|Any CPU
		{CEAEBBBA-BC75-4A33-B2EC-B7D6B0DE521E}.Release|Win32.ActiveCfg = Release|Any CPU
		{CEAEBBBA-BC75-4A33-B2EC-B7D6B0DE521E}.Release|x86.ActiveCfg = Release|Any CPU
	EndGlobalSection
	GlobalSection(SolutionProperties) = preSolution
		HideSolutionNode = FALSE
	EndGlobalSection
EndGlobal
